{
  "name": "@kunstmaan/linters",
  "version": "1.0.0",
  "lockfileVersion": 1,
  "requires": true,
  "dependencies": {
    "@fimbul/bifrost": {
      "version": "0.6.0",
      "resolved": "https://registry.npmjs.org/@fimbul/bifrost/-/bifrost-0.6.0.tgz",
      "integrity": "sha512-BJ19rjnFFCeopEhbyK2Chg3Tq+o5xkjd6dtKxmFhfjwLH1Il2G7Ha4Jel2hpbyZL2Fh9/vrM9U0bpkANAL3pjA==",
      "requires": {
        "@fimbul/ymir": "0.6.0",
        "get-caller-file": "1.0.2",
        "tslib": "1.9.2"
      }
    },
    "@fimbul/ymir": {
      "version": "0.6.0",
      "resolved": "https://registry.npmjs.org/@fimbul/ymir/-/ymir-0.6.0.tgz",
      "integrity": "sha512-iyh/8OiZlzjlPytdjdodA86d38YtRL0sSAx169SMgqP4dsouH2rtctf4Nrg4FYvWoG0e9y9XT3iWL+mjTgYNRw==",
      "requires": {
        "inversify": "4.13.0",
        "reflect-metadata": "0.1.12",
        "tslib": "1.9.2"
      }
    },
    "doctrine": {
      "version": "0.7.2",
      "resolved": "https://registry.npmjs.org/doctrine/-/doctrine-0.7.2.tgz",
      "integrity": "sha1-fLhgNZujvpDgQLJrcpzkv6ZUxSM=",
      "requires": {
        "esutils": "1.1.6",
        "isarray": "0.0.1"
      }
    },
    "eslint-config-airbnb": {
      "version": "16.1.0",
      "resolved": "https://registry.npmjs.org/eslint-config-airbnb/-/eslint-config-airbnb-16.1.0.tgz",
      "integrity": "sha512-zLyOhVWhzB/jwbz7IPSbkUuj7X2ox4PHXTcZkEmDqTvd0baJmJyuxlFPDlZOE/Y5bC+HQRaEkT3FoHo9wIdRiw==",
      "requires": {
        "eslint-config-airbnb-base": "12.1.0"
      }
    },
    "eslint-config-airbnb-base": {
      "version": "12.1.0",
      "resolved": "https://registry.npmjs.org/eslint-config-airbnb-base/-/eslint-config-airbnb-base-12.1.0.tgz",
      "integrity": "sha512-/vjm0Px5ZCpmJqnjIzcFb9TKZrKWz0gnuG/7Gfkt0Db1ELJR51xkZth+t14rYdqWgX836XbuxtArbIHlVhbLBA==",
      "requires": {
        "eslint-restricted-globals": "0.1.1"
      }
    },
    "eslint-restricted-globals": {
      "version": "0.1.1",
      "resolved": "https://registry.npmjs.org/eslint-restricted-globals/-/eslint-restricted-globals-0.1.1.tgz",
      "integrity": "sha1-NfDVy8ZMLj7WLpO0saevBbp+1Nc="
    },
    "esutils": {
      "version": "1.1.6",
      "resolved": "https://registry.npmjs.org/esutils/-/esutils-1.1.6.tgz",
      "integrity": "sha1-wBzKqa5LiXxtDD4hCuUvPHqEQ3U="
    },
    "get-caller-file": {
      "version": "1.0.2",
      "resolved": "https://registry.npmjs.org/get-caller-file/-/get-caller-file-1.0.2.tgz",
      "integrity": "sha1-9wLmMSfn4jHBYKgMFVSstw1QR+U="
    },
    "inversify": {
      "version": "4.13.0",
      "resolved": "https://registry.npmjs.org/inversify/-/inversify-4.13.0.tgz",
      "integrity": "sha512-O5d8y7gKtyRwrvTLZzYET3kdFjqUy58sGpBYMARF13mzqDobpfBXVOPLH7HmnD2VR6Q+1HzZtslGvsdQfeb0SA=="
    },
    "isarray": {
      "version": "0.0.1",
      "resolved": "https://registry.npmjs.org/isarray/-/isarray-0.0.1.tgz",
      "integrity": "sha1-ihis/Kmo9Bd+Cav8YDiTmwXR7t8="
    },
    "reflect-metadata": {
      "version": "0.1.12",
      "resolved": "https://registry.npmjs.org/reflect-metadata/-/reflect-metadata-0.1.12.tgz",
      "integrity": "sha512-n+IyV+nGz3+0q3/Yf1ra12KpCyi001bi4XFxSjbiWWjfqb52iTTtpGXmCCAOWWIAn9KEuFZKGqBERHmrtScZ3A=="
    },
    "tslib": {
      "version": "1.9.2",
      "resolved": "https://registry.npmjs.org/tslib/-/tslib-1.9.2.tgz",
      "integrity": "sha512-AVP5Xol3WivEr7hnssHDsaM+lVrVXWUvd1cfXTRkTj80b//6g2wIFEH6hZG0muGZRnHGrfttpdzRk3YlBkWjKw=="
    },
    "tslint-config-airbnb": {
      "version": "5.9.2",
      "resolved": "https://registry.npmjs.org/tslint-config-airbnb/-/tslint-config-airbnb-5.9.2.tgz",
      "integrity": "sha512-7hT9VoPxT64Xk68+Ak4rhHCaVja6jHFIE6koeHCbZTz1XKUUVX4qZTHUZBLVS/0CmuyDJ1U/8ALyqn+gFxZgbQ==",
      "requires": {
        "tslint-consistent-codestyle": "1.13.0",
        "tslint-eslint-rules": "5.3.1",
        "tslint-microsoft-contrib": "5.0.3"
      }
    },
    "tslint-consistent-codestyle": {
      "version": "1.13.0",
      "resolved": "https://registry.npmjs.org/tslint-consistent-codestyle/-/tslint-consistent-codestyle-1.13.0.tgz",
      "integrity": "sha512-7fcstphFz9Rw2+SAe32VjtnQEHYEQVSGgEOea9hN/8JMJQGpGkxvVbqxhsXew9vkRtvPQuoj1pQoZ5Eadp4B6A==",
      "requires": {
        "@fimbul/bifrost": "0.6.0",
        "tslib": "1.9.2",
        "tsutils": "2.27.1"
      }
    },
    "tslint-eslint-rules": {
      "version": "5.3.1",
      "resolved": "https://registry.npmjs.org/tslint-eslint-rules/-/tslint-eslint-rules-5.3.1.tgz",
      "integrity": "sha512-qq2H/AU/FlFbQJKXuxhtIk+ni/nQu9jHHhsFKa6hnA0/n3zl1/RWRc3TVFlL8HfWFMzkST350VeTrFpy1u4OUg==",
      "requires": {
        "doctrine": "0.7.2",
        "tslib": "1.9.0",
        "tsutils": "2.8.0"
      },
      "dependencies": {
        "tslib": {
          "version": "1.9.0",
          "resolved": "https://registry.npmjs.org/tslib/-/tslib-1.9.0.tgz",
          "integrity": "sha512-f/qGG2tUkrISBlQZEjEqoZ3B2+npJjIf04H1wuAv9iA8i04Icp+61KRXxFdha22670NJopsZCIjhC3SnjPRKrQ=="
        },
        "tsutils": {
          "version": "2.8.0",
          "resolved": "https://registry.npmjs.org/tsutils/-/tsutils-2.8.0.tgz",
          "integrity": "sha1-AWAXNymzvxOGKN0UoVN+AIUdgUo=",
          "requires": {
            "tslib": "1.9.0"
          }
        }
      }
    },
    "tslint-microsoft-contrib": {
      "version": "5.0.3",
      "resolved": "https://registry.npmjs.org/tslint-microsoft-contrib/-/tslint-microsoft-contrib-5.0.3.tgz",
      "integrity": "sha512-5AnfTGlfpUzpRHLmoojPBKFTTmbjnwgdaTHMdllausa4GBPya5u36i9ddrTX4PhetGZvd4JUYIpAmgHqVnsctg==",
      "requires": {
        "tsutils": "2.27.1"
      }
    },
    "tslint-react": {
      "version": "3.6.0",
      "resolved": "https://registry.npmjs.org/tslint-react/-/tslint-react-3.6.0.tgz",
      "integrity": "sha512-AIv1QcsSnj7e9pFir6cJ6vIncTqxfqeFF3Lzh8SuuBljueYzEAtByuB6zMaD27BL0xhMEqsZ9s5eHuCONydjBw==",
      "requires": {
        "tsutils": "2.27.1"
      }
    },
    "tsutils": {
      "version": "2.27.1",
      "resolved": "https://registry.npmjs.org/tsutils/-/tsutils-2.27.1.tgz",
      "integrity": "sha512-AE/7uzp32MmaHvNNFES85hhUDHFdFZp6OAiZcd6y4ZKKIg6orJTm8keYWBhIhrJQH3a4LzNKat7ZPXZt5aTf6w==",
      "requires": {
        "tslib": "1.9.2"
      }
    }
  }
}
